
Microsoft Visual Studio Solution File, Format Version 12.00
# Visual Studio Version 17
VisualStudioVersion = 17.9.34622.214
MinimumVisualStudioVersion = 10.0.40219.1
Project("{FAE04EC0-301F-11D3-BF4B-00C04F79EFBC}") = "BestTimeToBuyAndSellStock_II", "BestTimeToBuyAndSellStock_II.csproj", "{90D8C3AF-808A-427C-8484-72E9BC5AF965}"
EndProject
Global
	GlobalSection(SolutionConfigurationPlatforms) = preSolution
		Debug|Any CPU = Debug|Any CPU
		Release|Any CPU = Release|Any CPU
	EndGlobalSection
	GlobalSection(ProjectConfigurationPlatforms) = postSolution
		{90D8C3AF-808A-427C-8484-72E9BC5AF965}.Debug|Any CPU.ActiveCfg = Debug|Any CPU
		{90D8C3AF-808A-427C-8484-72E9BC5AF965}.Debug|Any CPU.Build.0 = Debug|Any CPU
		{90D8C3AF-808A-427C-8484-72E9BC5AF965}.Release|Any CPU.ActiveCfg = Release|Any CPU
		{90D8C3AF-808A-427C-8484-72E9BC5AF965}.Release|Any CPU.Build.0 = Release|Any CPU
	EndGlobalSection
	GlobalSection(SolutionProperties) = preSolution
		HideSolutionNode = FALSE
	EndGlobalSection
	GlobalSection(ExtensibilityGlobals) = postSolution
		SolutionGuid = {537C5D97-29AF-47E0-B267-AB94C4D46221}
	EndGlobalSection
EndGlobal
