
Microsoft Visual Studio Solution File, Format Version 12.00
# Visual Studio Version 17
VisualStudioVersion = 17.9.34622.214
MinimumVisualStudioVersion = 10.0.40219.1
Project("{FAE04EC0-301F-11D3-BF4B-00C04F79EFBC}") = "Lesson_1_Part_1", "Lesson_1_Part_1.csproj", "{5D7181AD-6959-45CA-A409-50E9CEA56BF6}"
EndProject
Global
	GlobalSection(SolutionConfigurationPlatforms) = preSolution
		Debug|Any CPU = Debug|Any CPU
		Release|Any CPU = Release|Any CPU
	EndGlobalSection
	GlobalSection(ProjectConfigurationPlatforms) = postSolution
		{5D7181AD-6959-45CA-A409-50E9CEA56BF6}.Debug|Any CPU.ActiveCfg = Debug|Any CPU
		{5D7181AD-6959-45CA-A409-50E9CEA56BF6}.Debug|Any CPU.Build.0 = Debug|Any CPU
		{5D7181AD-6959-45CA-A409-50E9CEA56BF6}.Release|Any CPU.ActiveCfg = Release|Any CPU
		{5D7181AD-6959-45CA-A409-50E9CEA56BF6}.Release|Any CPU.Build.0 = Release|Any CPU
	EndGlobalSection
	GlobalSection(SolutionProperties) = preSolution
		HideSolutionNode = FALSE
	EndGlobalSection
	GlobalSection(ExtensibilityGlobals) = postSolution
		SolutionGuid = {D3ED92F1-FBCF-42FF-A683-F6B9389338B8}
	EndGlobalSection
EndGlobal
