
Microsoft Visual Studio Solution File, Format Version 12.00
# Visual Studio Version 17
VisualStudioVersion = 17.9.34622.214
MinimumVisualStudioVersion = 10.0.40219.1
Project("{FAE04EC0-301F-11D3-BF4B-00C04F79EFBC}") = "Lesson_2_Part_1", "Lesson_2_Part_1.csproj", "{60BADD21-FE34-47B0-B0CF-5D01E60A2B21}"
EndProject
Global
	GlobalSection(SolutionConfigurationPlatforms) = preSolution
		Debug|Any CPU = Debug|Any CPU
		Release|Any CPU = Release|Any CPU
	EndGlobalSection
	GlobalSection(ProjectConfigurationPlatforms) = postSolution
		{60BADD21-FE34-47B0-B0CF-5D01E60A2B21}.Debug|Any CPU.ActiveCfg = Debug|Any CPU
		{60BADD21-FE34-47B0-B0CF-5D01E60A2B21}.Debug|Any CPU.Build.0 = Debug|Any CPU
		{60BADD21-FE34-47B0-B0CF-5D01E60A2B21}.Release|Any CPU.ActiveCfg = Release|Any CPU
		{60BADD21-FE34-47B0-B0CF-5D01E60A2B21}.Release|Any CPU.Build.0 = Release|Any CPU
	EndGlobalSection
	GlobalSection(SolutionProperties) = preSolution
		HideSolutionNode = FALSE
	EndGlobalSection
	GlobalSection(ExtensibilityGlobals) = postSolution
		SolutionGuid = {B3B70954-F09E-4751-AFB9-AE2EC0AB259D}
	EndGlobalSection
EndGlobal
